Microsoft Visual Studio Solution File, Format Version 11.00
# Visual Studio 2008

Project("{23C6323B-FB57-BB63-0B8A-2ECF703D6BB0}") = "persistent", "Assembly-CSharp-firstpass.csproj", "{E927EFA3-3B20-0E3D-835C-240600BB963E}"
EndProject
Project("{23C6323B-FB57-BB63-0B8A-2ECF703D6BB0}") = "persistent", "Assembly-CSharp.csproj", "{CA1F9313-32F5-5005-AD03-06D910734626}"
EndProject
Project("{23C6323B-FB57-BB63-0B8A-2ECF703D6BB0}") = "persistent", "Assembly-CSharp-Editor.csproj", "{7F827800-6C7F-F1CB-EEF7-BD1CF4F5B17B}"
EndProject
Project("{23C6323B-FB57-BB63-0B8A-2ECF703D6BB0}") = "persistent", "Assembly-UnityScript-firstpass.unityproj", "{71F9E444-E30A-4648-9B08-FB05945E4E91}"
EndProject
Global
	GlobalSection(SolutionConfigurationPlatforms) = preSolution
		Debug|Any CPU = Debug|Any CPU
		Release|Any CPU = Release|Any CPU
	EndGlobalSection
	GlobalSection(ProjectConfigurationPlatforms) = postSolution
		{E927EFA3-3B20-0E3D-835C-240600BB963E}.Debug|Any CPU.ActiveCfg = Debug|Any CPU
		{E927EFA3-3B20-0E3D-835C-240600BB963E}.Debug|Any CPU.Build.0 = Debug|Any CPU
		{E927EFA3-3B20-0E3D-835C-240600BB963E}.Release|Any CPU.ActiveCfg = Release|Any CPU
		{E927EFA3-3B20-0E3D-835C-240600BB963E}.Release|Any CPU.Build.0 = Release|Any CPU
		{CA1F9313-32F5-5005-AD03-06D910734626}.Debug|Any CPU.ActiveCfg = Debug|Any CPU
		{CA1F9313-32F5-5005-AD03-06D910734626}.Debug|Any CPU.Build.0 = Debug|Any CPU
		{CA1F9313-32F5-5005-AD03-06D910734626}.Release|Any CPU.ActiveCfg = Release|Any CPU
		{CA1F9313-32F5-5005-AD03-06D910734626}.Release|Any CPU.Build.0 = Release|Any CPU
		{7F827800-6C7F-F1CB-EEF7-BD1CF4F5B17B}.Debug|Any CPU.ActiveCfg = Debug|Any CPU
		{7F827800-6C7F-F1CB-EEF7-BD1CF4F5B17B}.Debug|Any CPU.Build.0 = Debug|Any CPU
		{7F827800-6C7F-F1CB-EEF7-BD1CF4F5B17B}.Release|Any CPU.ActiveCfg = Release|Any CPU
		{7F827800-6C7F-F1CB-EEF7-BD1CF4F5B17B}.Release|Any CPU.Build.0 = Release|Any CPU
		{71F9E444-E30A-4648-9B08-FB05945E4E91}.Debug|Any CPU.ActiveCfg = Debug|Any CPU
		{71F9E444-E30A-4648-9B08-FB05945E4E91}.Debug|Any CPU.Build.0 = Debug|Any CPU
		{71F9E444-E30A-4648-9B08-FB05945E4E91}.Release|Any CPU.ActiveCfg = Release|Any CPU
		{71F9E444-E30A-4648-9B08-FB05945E4E91}.Release|Any CPU.Build.0 = Release|Any CPU
	EndGlobalSection
	GlobalSection(SolutionProperties) = preSolution
		HideSolutionNode = FALSE
	EndGlobalSection
																																																																																																																																																							GlobalSection(MonoDevelopProperties) = preSolution
		StartupItem = Assembly-CSharp.csproj
		Policies = $0
		$0.TextStylePolicy = $1
		$1.inheritsSet = null
		$1.scope = text/x-csharp
		$0.CSharpFormattingPolicy = $2
		$2.inheritsSet = Mono
		$2.inheritsScope = text/x-csharp
		$2.scope = text/x-csharp
		$0.TextStylePolicy = $3
		$3.FileWidth = 120
		$3.TabWidth = 4
		$3.EolMarker = Unix
		$3.inheritsSet = Mono
		$3.inheritsScope = text/plain
		$3.scope = text/plain
	EndGlobalSection

EndGlobal
