
Microsoft Visual Studio Solution File, Format Version 12.00
# Visual Studio 2013
Project("{FAE04EC0-301F-11D3-BF4B-00C04F79EFBC}") = "UnityVS.persistent.CSharp.Editor", "UnityVS.persistent.CSharp.Editor.csproj", "{448541C7-2AEC-0DD0-4AD7-7AF16503F1B7}"
EndProject
Project("{FAE04EC0-301F-11D3-BF4B-00C04F79EFBC}") = "UnityVS.persistent.CSharp", "UnityVS.persistent.CSharp.csproj", "{82C52EEB-7874-BD41-595D-AABCA0FA91F6}"
EndProject
Global
	GlobalSection(SolutionConfigurationPlatforms) = preSolution
		Debug|Any CPU = Debug|Any CPU
		Release|Any CPU = Release|Any CPU
	EndGlobalSection
	GlobalSection(ProjectConfigurationPlatforms) = postSolution
		{448541C7-2AEC-0DD0-4AD7-7AF16503F1B7}.Debug|Any CPU.ActiveCfg = Debug|Any CPU
		{448541C7-2AEC-0DD0-4AD7-7AF16503F1B7}.Debug|Any CPU.Build.0 = Debug|Any CPU
		{448541C7-2AEC-0DD0-4AD7-7AF16503F1B7}.Release|Any CPU.ActiveCfg = Release|Any CPU
		{448541C7-2AEC-0DD0-4AD7-7AF16503F1B7}.Release|Any CPU.Build.0 = Release|Any CPU
		{82C52EEB-7874-BD41-595D-AABCA0FA91F6}.Debug|Any CPU.ActiveCfg = Debug|Any CPU
		{82C52EEB-7874-BD41-595D-AABCA0FA91F6}.Debug|Any CPU.Build.0 = Debug|Any CPU
		{82C52EEB-7874-BD41-595D-AABCA0FA91F6}.Release|Any CPU.ActiveCfg = Release|Any CPU
		{82C52EEB-7874-BD41-595D-AABCA0FA91F6}.Release|Any CPU.Build.0 = Release|Any CPU
	EndGlobalSection
	GlobalSection(SolutionProperties) = preSolution
		HideSolutionNode = FALSE
	EndGlobalSection
EndGlobal
